// !$*UTF8*$!
{
	archiveVersion = 1;
	classes = {
	};
	objectVersion = 46;
	objects = {

/* Begin PBXBuildFile section */
		317BF92FFBBE9CDF0EAD495D /* Pods_MueveSF.framework in Frameworks */ = {isa = PBXBuildFile; fileRef = B89B516DD26DBB41EE0F8B1D /* Pods_MueveSF.framework */; };
		5BFD1EC41FA7306000CA7A5F /* Stats_ViewController.swift in Sources */ = {isa = PBXBuildFile; fileRef = 5BFD1EC31FA7306000CA7A5F /* Stats_ViewController.swift */; };
		8442D7A81F68BEA9002EDFCD /* PantallaAvance_ViewController.swift in Sources */ = {isa = PBXBuildFile; fileRef = 8442D7A71F68BEA9002EDFCD /* PantallaAvance_ViewController.swift */; };
		CE3C1B0A1FA6936700CC0C9A /* Lugares_TableViewController.swift in Sources */ = {isa = PBXBuildFile; fileRef = CE3C1B091FA6936700CC0C9A /* Lugares_TableViewController.swift */; };
		CEE25E721FA6BCCF00E03D48 /* Social_ViewController.swift in Sources */ = {isa = PBXBuildFile; fileRef = CEE25E711FA6BCCF00E03D48 /* Social_ViewController.swift */; };
		CEE25E741FA6D05D00E03D48 /* Viajes_TableViewController.swift in Sources */ = {isa = PBXBuildFile; fileRef = CEE25E731FA6D05D00E03D48 /* Viajes_TableViewController.swift */; };
		CEE25E761FA6DA2F00E03D48 /* DetalleViaje_ViewController.swift in Sources */ = {isa = PBXBuildFile; fileRef = CEE25E751FA6DA2E00E03D48 /* DetalleViaje_ViewController.swift */; };
		CEF310191F6646A000C1C186 /* AppDelegate.swift in Sources */ = {isa = PBXBuildFile; fileRef = CEF310181F6646A000C1C186 /* AppDelegate.swift */; };
		CEF3101B1F6646A000C1C186 /* ViewController.swift in Sources */ = {isa = PBXBuildFile; fileRef = CEF3101A1F6646A000C1C186 /* ViewController.swift */; };
		CEF3101E1F6646A000C1C186 /* Main.storyboard in Resources */ = {isa = PBXBuildFile; fileRef = CEF3101C1F6646A000C1C186 /* Main.storyboard */; };
		CEF310201F6646A000C1C186 /* Assets.xcassets in Resources */ = {isa = PBXBuildFile; fileRef = CEF3101F1F6646A000C1C186 /* Assets.xcassets */; };
		CEF310231F6646A000C1C186 /* LaunchScreen.storyboard in Resources */ = {isa = PBXBuildFile; fileRef = CEF310211F6646A000C1C186 /* LaunchScreen.storyboard */; };
		CEF3102E1F6646A000C1C186 /* MueveSFTests.swift in Sources */ = {isa = PBXBuildFile; fileRef = CEF3102D1F6646A000C1C186 /* MueveSFTests.swift */; };
		CEF310391F6646A000C1C186 /* MueveSFUITests.swift in Sources */ = {isa = PBXBuildFile; fileRef = CEF310381F6646A000C1C186 /* MueveSFUITests.swift */; };
/* End PBXBuildFile section */

/* Begin PBXContainerItemProxy section */
		CEF3102A1F6646A000C1C186 /* PBXContainerItemProxy */ = {
			isa = PBXContainerItemProxy;
			containerPortal = CEF3100D1F6646A000C1C186 /* Project object */;
			proxyType = 1;
			remoteGlobalIDString = CEF310141F6646A000C1C186;
			remoteInfo = MueveSF;
		};
		CEF310351F6646A000C1C186 /* PBXContainerItemProxy */ = {
			isa = PBXContainerItemProxy;
			containerPortal = CEF3100D1F6646A000C1C186 /* Project object */;
			proxyType = 1;
			remoteGlobalIDString = CEF310141F6646A000C1C186;
			remoteInfo = MueveSF;
		};
/* End PBXContainerItemProxy section */

/* Begin PBXFileReference section */
		01E9B2DB1E0329BB17AC210A /* Pods-MueveSF.release.xcconfig */ = {isa = PBXFileReference; includeInIndex = 1; lastKnownFileType = text.xcconfig; name = "Pods-MueveSF.release.xcconfig"; path = "Pods/Target Support Files/Pods-MueveSF/Pods-MueveSF.release.xcconfig"; sourceTree = "<group>"; };
		1AEE08E326D47D7631DDF095 /* Pods-MueveSF.debug.xcconfig */ = {isa = PBXFileReference; includeInIndex = 1; lastKnownFileType = text.xcconfig; name = "Pods-MueveSF.debug.xcconfig"; path = "Pods/Target Support Files/Pods-MueveSF/Pods-MueveSF.debug.xcconfig"; sourceTree = "<group>"; };
		5BC3F0BA1FA73616006B610C /* MueveSF.app */ = {isa = PBXFileReference; explicitFileType = wrapper.application; includeInIndex = 0; path = MueveSF.app; sourceTree = BUILT_PRODUCTS_DIR; };
		5BC3F0BB1FA73616006B610C /* MueveSFTests.xctest */ = {isa = PBXFileReference; explicitFileType = wrapper.cfbundle; includeInIndex = 0; path = MueveSFTests.xctest; sourceTree = BUILT_PRODUCTS_DIR; };
		5BC3F0BC1FA73616006B610C /* MueveSFUITests.xctest */ = {isa = PBXFileReference; explicitFileType = wrapper.cfbundle; includeInIndex = 0; path = MueveSFUITests.xctest; sourceTree = BUILT_PRODUCTS_DIR; };
		5BFD1EC31FA7306000CA7A5F /* Stats_ViewController.swift */ = {isa = PBXFileReference; lastKnownFileType = sourcecode.swift; path = Stats_ViewController.swift; sourceTree = "<group>"; };
		8442D7A71F68BEA9002EDFCD /* PantallaAvance_ViewController.swift */ = {isa = PBXFileReference; fileEncoding = 4; lastKnownFileType = sourcecode.swift; path = PantallaAvance_ViewController.swift; sourceTree = "<group>"; };
		B89B516DD26DBB41EE0F8B1D /* Pods_MueveSF.framework */ = {isa = PBXFileReference; explicitFileType = wrapper.framework; includeInIndex = 0; path = Pods_MueveSF.framework; sourceTree = BUILT_PRODUCTS_DIR; };
		CE3C1B091FA6936700CC0C9A /* Lugares_TableViewController.swift */ = {isa = PBXFileReference; lastKnownFileType = sourcecode.swift; path = Lugares_TableViewController.swift; sourceTree = "<group>"; };
		CEE25E711FA6BCCF00E03D48 /* Social_ViewController.swift */ = {isa = PBXFileReference; lastKnownFileType = sourcecode.swift; path = Social_ViewController.swift; sourceTree = "<group>"; };
		CEE25E731FA6D05D00E03D48 /* Viajes_TableViewController.swift */ = {isa = PBXFileReference; lastKnownFileType = sourcecode.swift; path = Viajes_TableViewController.swift; sourceTree = "<group>"; };
		CEE25E751FA6DA2E00E03D48 /* DetalleViaje_ViewController.swift */ = {isa = PBXFileReference; lastKnownFileType = sourcecode.swift; path = DetalleViaje_ViewController.swift; sourceTree = "<group>"; };
		CEF310181F6646A000C1C186 /* AppDelegate.swift */ = {isa = PBXFileReference; lastKnownFileType = sourcecode.swift; path = AppDelegate.swift; sourceTree = "<group>"; };
		CEF3101A1F6646A000C1C186 /* ViewController.swift */ = {isa = PBXFileReference; lastKnownFileType = sourcecode.swift; path = ViewController.swift; sourceTree = "<group>"; };
		CEF3101D1F6646A000C1C186 /* Base */ = {isa = PBXFileReference; lastKnownFileType = file.storyboard; name = Base; path = Base.lproj/Main.storyboard; sourceTree = "<group>"; };
		CEF3101F1F6646A000C1C186 /* Assets.xcassets */ = {isa = PBXFileReference; lastKnownFileType = folder.assetcatalog; path = Assets.xcassets; sourceTree = "<group>"; };
		CEF310221F6646A000C1C186 /* Base */ = {isa = PBXFileReference; lastKnownFileType = file.storyboard; name = Base; path = Base.lproj/LaunchScreen.storyboard; sourceTree = "<group>"; };
		CEF310241F6646A000C1C186 /* Info.plist */ = {isa = PBXFileReference; lastKnownFileType = text.plist.xml; path = Info.plist; sourceTree = "<group>"; };
		CEF3102D1F6646A000C1C186 /* MueveSFTests.swift */ = {isa = PBXFileReference; lastKnownFileType = sourcecode.swift; path = MueveSFTests.swift; sourceTree = "<group>"; };
		CEF3102F1F6646A000C1C186 /* Info.plist */ = {isa = PBXFileReference; lastKnownFileType = text.plist.xml; path = Info.plist; sourceTree = "<group>"; };
		CEF310381F6646A000C1C186 /* MueveSFUITests.swift */ = {isa = PBXFileReference; lastKnownFileType = sourcecode.swift; path = MueveSFUITests.swift; sourceTree = "<group>"; };
		CEF3103A1F6646A000C1C186 /* Info.plist */ = {isa = PBXFileReference; lastKnownFileType = text.plist.xml; path = Info.plist; sourceTree = "<group>"; };
/* End PBXFileReference section */

/* Begin PBXFrameworksBuildPhase section */
		CEF310121F6646A000C1C186 /* Frameworks */ = {
			isa = PBXFrameworksBuildPhase;
			buildActionMask = 2147483647;
			files = (
				317BF92FFBBE9CDF0EAD495D /* Pods_MueveSF.framework in Frameworks */,
			);
			runOnlyForDeploymentPostprocessing = 0;
		};
		CEF310261F6646A000C1C186 /* Frameworks */ = {
			isa = PBXFrameworksBuildPhase;
			buildActionMask = 2147483647;
			files = (
			);
			runOnlyForDeploymentPostprocessing = 0;
		};
		CEF310311F6646A000C1C186 /* Frameworks */ = {
			isa = PBXFrameworksBuildPhase;
			buildActionMask = 2147483647;
			files = (
			);
			runOnlyForDeploymentPostprocessing = 0;
		};
/* End PBXFrameworksBuildPhase section */

/* Begin PBXGroup section */
		BE752FD036879F7F089362F0 /* Frameworks */ = {
			isa = PBXGroup;
			children = (
				B89B516DD26DBB41EE0F8B1D /* Pods_MueveSF.framework */,
			);
			name = Frameworks;
			sourceTree = "<group>";
		};
		CEF3100C1F6646A000C1C186 = {
			isa = PBXGroup;
			children = (
				CEF310171F6646A000C1C186 /* MueveSF */,
				CEF3102C1F6646A000C1C186 /* MueveSFTests */,
				CEF310371F6646A000C1C186 /* MueveSFUITests */,
				BE752FD036879F7F089362F0 /* Frameworks */,
				5BC3F0BA1FA73616006B610C /* MueveSF.app */,
				5BC3F0BB1FA73616006B610C /* MueveSFTests.xctest */,
				5BC3F0BC1FA73616006B610C /* MueveSFUITests.xctest */,
				E7B70947CA1403CC25F69345 /* Pods */,
			);
			sourceTree = "<group>";
		};
		CEF310171F6646A000C1C186 /* MueveSF */ = {
			isa = PBXGroup;
			children = (
				CEF310181F6646A000C1C186 /* AppDelegate.swift */,
				CEF3101A1F6646A000C1C186 /* ViewController.swift */,
				5BFD1EC31FA7306000CA7A5F /* Stats_ViewController.swift */,
				CEF3101C1F6646A000C1C186 /* Main.storyboard */,
				CEE25E711FA6BCCF00E03D48 /* Social_ViewController.swift */,
				CE3C1B091FA6936700CC0C9A /* Lugares_TableViewController.swift */,
				CEE25E731FA6D05D00E03D48 /* Viajes_TableViewController.swift */,
				CEE25E751FA6DA2E00E03D48 /* DetalleViaje_ViewController.swift */,
				8442D7A71F68BEA9002EDFCD /* PantallaAvance_ViewController.swift */,
				CEF3101F1F6646A000C1C186 /* Assets.xcassets */,
				CEF310211F6646A000C1C186 /* LaunchScreen.storyboard */,
				CEF310241F6646A000C1C186 /* Info.plist */,
			);
			path = MueveSF;
			sourceTree = "<group>";
		};
		CEF3102C1F6646A000C1C186 /* MueveSFTests */ = {
			isa = PBXGroup;
			children = (
				CEF3102D1F6646A000C1C186 /* MueveSFTests.swift */,
				CEF3102F1F6646A000C1C186 /* Info.plist */,
			);
			path = MueveSFTests;
			sourceTree = "<group>";
		};
		CEF310371F6646A000C1C186 /* MueveSFUITests */ = {
			isa = PBXGroup;
			children = (
				CEF310381F6646A000C1C186 /* MueveSFUITests.swift */,
				CEF3103A1F6646A000C1C186 /* Info.plist */,
			);
			path = MueveSFUITests;
			sourceTree = "<group>";
		};
		E7B70947CA1403CC25F69345 /* Pods */ = {
			isa = PBXGroup;
			children = (
				1AEE08E326D47D7631DDF095 /* Pods-MueveSF.debug.xcconfig */,
				01E9B2DB1E0329BB17AC210A /* Pods-MueveSF.release.xcconfig */,
			);
			name = Pods;
			sourceTree = "<group>";
		};
/* End PBXGroup section */

/* Begin PBXNativeTarget section */
		CEF310141F6646A000C1C186 /* MueveSF */ = {
			isa = PBXNativeTarget;
			buildConfigurationList = CEF3103D1F6646A000C1C186 /* Build configuration list for PBXNativeTarget "MueveSF" */;
			buildPhases = (
				A7E01BCAA8CFEA0258385A77 /* [CP] Check Pods Manifest.lock */,
				CEF310111F6646A000C1C186 /* Sources */,
				CEF310121F6646A000C1C186 /* Frameworks */,
				CEF310131F6646A000C1C186 /* Resources */,
				86F02107AF6980BED8DA9BD1 /* [CP] Embed Pods Frameworks */,
				2342F2937752CAA559FCF8F1 /* [CP] Copy Pods Resources */,
			);
			buildRules = (
			);
			dependencies = (
			);
			name = MueveSF;
			productName = MueveSF;
			productReference = 5BC3F0BA1FA73616006B610C /* MueveSF.app */;
			productType = "com.apple.product-type.application";
		};
		CEF310281F6646A000C1C186 /* MueveSFTests */ = {
			isa = PBXNativeTarget;
			buildConfigurationList = CEF310401F6646A000C1C186 /* Build configuration list for PBXNativeTarget "MueveSFTests" */;
			buildPhases = (
				CEF310251F6646A000C1C186 /* Sources */,
				CEF310261F6646A000C1C186 /* Frameworks */,
				CEF310271F6646A000C1C186 /* Resources */,
			);
			buildRules = (
			);
			dependencies = (
				CEF3102B1F6646A000C1C186 /* PBXTargetDependency */,
			);
			name = MueveSFTests;
			productName = MueveSFTests;
			productReference = 5BC3F0BB1FA73616006B610C /* MueveSFTests.xctest */;
			productType = "com.apple.product-type.bundle.unit-test";
		};
		CEF310331F6646A000C1C186 /* MueveSFUITests */ = {
			isa = PBXNativeTarget;
			buildConfigurationList = CEF310431F6646A000C1C186 /* Build configuration list for PBXNativeTarget "MueveSFUITests" */;
			buildPhases = (
				CEF310301F6646A000C1C186 /* Sources */,
				CEF310311F6646A000C1C186 /* Frameworks */,
				CEF310321F6646A000C1C186 /* Resources */,
			);
			buildRules = (
			);
			dependencies = (
				CEF310361F6646A000C1C186 /* PBXTargetDependency */,
			);
			name = MueveSFUITests;
			productName = MueveSFUITests;
			productReference = 5BC3F0BC1FA73616006B610C /* MueveSFUITests.xctest */;
			productType = "com.apple.product-type.bundle.ui-testing";
		};
/* End PBXNativeTarget section */

/* Begin PBXProject section */
		CEF3100D1F6646A000C1C186 /* Project object */ = {
			isa = PBXProject;
			attributes = {
				LastSwiftUpdateCheck = 0830;
				LastUpgradeCheck = 0900;
				ORGANIZATIONNAME = marvi;
				TargetAttributes = {
					CEF310141F6646A000C1C186 = {
						CreatedOnToolsVersion = 8.3.3;
						DevelopmentTeam = ESFT8Q5LR7;
						LastSwiftMigration = 0900;
						ProvisioningStyle = Automatic;
					};
					CEF310281F6646A000C1C186 = {
						CreatedOnToolsVersion = 8.3.3;
						DevelopmentTeam = 6KMD9FUGRA;
						LastSwiftMigration = 0900;
						ProvisioningStyle = Automatic;
						TestTargetID = CEF310141F6646A000C1C186;
					};
					CEF310331F6646A000C1C186 = {
						CreatedOnToolsVersion = 8.3.3;
						DevelopmentTeam = 6KMD9FUGRA;
						LastSwiftMigration = 0900;
						ProvisioningStyle = Automatic;
						TestTargetID = CEF310141F6646A000C1C186;
					};
				};
			};
			buildConfigurationList = CEF310101F6646A000C1C186 /* Build configuration list for PBXProject "MueveSF" */;
			compatibilityVersion = "Xcode 3.2";
			developmentRegion = English;
			hasScannedForEncodings = 0;
			knownRegions = (
				en,
				Base,
			);
			mainGroup = CEF3100C1F6646A000C1C186;
			productRefGroup = CEF3100C1F6646A000C1C186;
			projectDirPath = "";
			projectRoot = "";
			targets = (
				CEF310141F6646A000C1C186 /* MueveSF */,
				CEF310281F6646A000C1C186 /* MueveSFTests */,
				CEF310331F6646A000C1C186 /* MueveSFUITests */,
			);
		};
/* End PBXProject section */

/* Begin PBXResourcesBuildPhase section */
		CEF310131F6646A000C1C186 /* Resources */ = {
			isa = PBXResourcesBuildPhase;
			buildActionMask = 2147483647;
			files = (
				CEF310231F6646A000C1C186 /* LaunchScreen.storyboard in Resources */,
				CEF310201F6646A000C1C186 /* Assets.xcassets in Resources */,
				CEF3101E1F6646A000C1C186 /* Main.storyboard in Resources */,
			);
			runOnlyForDeploymentPostprocessing = 0;
		};
		CEF310271F6646A000C1C186 /* Resources */ = {
			isa = PBXResourcesBuildPhase;
			buildActionMask = 2147483647;
			files = (
			);
			runOnlyForDeploymentPostprocessing = 0;
		};
		CEF310321F6646A000C1C186 /* Resources */ = {
			isa = PBXResourcesBuildPhase;
			buildActionMask = 2147483647;
			files = (
			);
			runOnlyForDeploymentPostprocessing = 0;
		};
/* End PBXResourcesBuildPhase section */

/* Begin PBXShellScriptBuildPhase section */
		2342F2937752CAA559FCF8F1 /* [CP] Copy Pods Resources */ = {
			isa = PBXShellScriptBuildPhase;
			buildActionMask = 2147483647;
			files = (
			);
			inputPaths = (
			);
			name = "[CP] Copy Pods Resources";
			outputPaths = (
			);
			runOnlyForDeploymentPostprocessing = 0;
			shellPath = /bin/sh;
			shellScript = "\"${SRCROOT}/Pods/Target Support Files/Pods-MueveSF/Pods-MueveSF-resources.sh\"\n";
			showEnvVarsInLog = 0;
		};
		86F02107AF6980BED8DA9BD1 /* [CP] Embed Pods Frameworks */ = {
			isa = PBXShellScriptBuildPhase;
			buildActionMask = 2147483647;
			files = (
			);
			inputPaths = (
				"${SRCROOT}/Pods/Target Support Files/Pods-MueveSF/Pods-MueveSF-frameworks.sh",
				"${BUILT_PRODUCTS_DIR}/Charts/Charts.framework",
			);
			name = "[CP] Embed Pods Frameworks";
			outputPaths = (
				"${TARGET_BUILD_DIR}/${FRAMEWORKS_FOLDER_PATH}/Charts.framework",
			);
			runOnlyForDeploymentPostprocessing = 0;
			shellPath = /bin/sh;
			shellScript = "\"${SRCROOT}/Pods/Target Support Files/Pods-MueveSF/Pods-MueveSF-frameworks.sh\"\n";
			showEnvVarsInLog = 0;
		};
		A7E01BCAA8CFEA0258385A77 /* [CP] Check Pods Manifest.lock */ = {
			isa = PBXShellScriptBuildPhase;
			buildActionMask = 2147483647;
			files = (
			);
			inputPaths = (
				"${PODS_PODFILE_DIR_PATH}/Podfile.lock",
				"${PODS_ROOT}/Manifest.lock",
			);
			name = "[CP] Check Pods Manifest.lock";
			outputPaths = (
				"$(DERIVED_FILE_DIR)/Pods-MueveSF-checkManifestLockResult.txt",
			);
			runOnlyForDeploymentPostprocessing = 0;
			shellPath = /bin/sh;
			shellScript = "diff \"${PODS_PODFILE_DIR_PATH}/Podfile.lock\" \"${PODS_ROOT}/Manifest.lock\" > /dev/null\nif [ $? != 0 ] ; then\n    # print error to STDERR\n    echo \"error: The sandbox is not in sync with the Podfile.lock. Run 'pod install' or update your CocoaPods installation.\" >&2\n    exit 1\nfi\n# This output is used by Xcode 'outputs' to avoid re-running this script phase.\necho \"SUCCESS\" > \"${SCRIPT_OUTPUT_FILE_0}\"\n";
			showEnvVarsInLog = 0;
		};
/* End PBXShellScriptBuildPhase section */

/* Begin PBXSourcesBuildPhase section */
		CEF310111F6646A000C1C186 /* Sources */ = {
			isa = PBXSourcesBuildPhase;
			buildActionMask = 2147483647;
			files = (
				CEF3101B1F6646A000C1C186 /* ViewController.swift in Sources */,
				CEF310191F6646A000C1C186 /* AppDelegate.swift in Sources */,
				5BFD1EC41FA7306000CA7A5F /* Stats_ViewController.swift in Sources */,
				CEE25E761FA6DA2F00E03D48 /* DetalleViaje_ViewController.swift in Sources */,
				CEE25E721FA6BCCF00E03D48 /* Social_ViewController.swift in Sources */,
				8442D7A81F68BEA9002EDFCD /* PantallaAvance_ViewController.swift in Sources */,
				CEE25E741FA6D05D00E03D48 /* Viajes_TableViewController.swift in Sources */,
				CE3C1B0A1FA6936700CC0C9A /* Lugares_TableViewController.swift in Sources */,
			);
			runOnlyForDeploymentPostprocessing = 0;
		};
		CEF310251F6646A000C1C186 /* Sources */ = {
			isa = PBXSourcesBuildPhase;
			buildActionMask = 2147483647;
			files = (
				CEF3102E1F6646A000C1C186 /* MueveSFTests.swift in Sources */,
			);
			runOnlyForDeploymentPostprocessing = 0;
		};
		CEF310301F6646A000C1C186 /* Sources */ = {
			isa = PBXSourcesBuildPhase;
			buildActionMask = 2147483647;
			files = (
				CEF310391F6646A000C1C186 /* MueveSFUITests.swift in Sources */,
			);
			runOnlyForDeploymentPostprocessing = 0;
		};
/* End PBXSourcesBuildPhase section */

/* Begin PBXTargetDependency section */
		CEF3102B1F6646A000C1C186 /* PBXTargetDependency */ = {
			isa = PBXTargetDependency;
			target = CEF310141F6646A000C1C186 /* MueveSF */;
			targetProxy = CEF3102A1F6646A000C1C186 /* PBXContainerItemProxy */;
		};
		CEF310361F6646A000C1C186 /* PBXTargetDependency */ = {
			isa = PBXTargetDependency;
			target = CEF310141F6646A000C1C186 /* MueveSF */;
			targetProxy = CEF310351F6646A000C1C186 /* PBXContainerItemProxy */;
		};
/* End PBXTargetDependency section */

/* Begin PBXVariantGroup section */
		CEF3101C1F6646A000C1C186 /* Main.storyboard */ = {
			isa = PBXVariantGroup;
			children = (
				CEF3101D1F6646A000C1C186 /* Base */,
			);
			name = Main.storyboard;
			sourceTree = "<group>";
		};
		CEF310211F6646A000C1C186 /* LaunchScreen.storyboard */ = {
			isa = PBXVariantGroup;
			children = (
				CEF310221F6646A000C1C186 /* Base */,
			);
			name = LaunchScreen.storyboard;
			sourceTree = "<group>";
		};
/* End PBXVariantGroup section */

/* Begin XCBuildConfiguration section */
		CEF3103B1F6646A000C1C186 /* Debug */ = {
			isa = XCBuildConfiguration;
			buildSettings = {
				ALWAYS_SEARCH_USER_PATHS = NO;
				CLANG_ANALYZER_NONNULL = YES;
				CLANG_ANALYZER_NUMBER_OBJECT_CONVERSION = YES_AGGRESSIVE;
				CLANG_CXX_LANGUAGE_STANDARD = "gnu++0x";
				CLANG_CXX_LIBRARY = "libc++";
				CLANG_ENABLE_MODULES = YES;
				CLANG_ENABLE_OBJC_ARC = YES;
				CLANG_WARN_BLOCK_CAPTURE_AUTORELEASING = YES;
				CLANG_WARN_BOOL_CONVERSION = YES;
				CLANG_WARN_COMMA = YES;
				CLANG_WARN_CONSTANT_CONVERSION = YES;
				CLANG_WARN_DIRECT_OBJC_ISA_USAGE = YES_ERROR;
				CLANG_WARN_DOCUMENTATION_COMMENTS = YES;
				CLANG_WARN_EMPTY_BODY = YES;
				CLANG_WARN_ENUM_CONVERSION = YES;
				CLANG_WARN_INFINITE_RECURSION = YES;
				CLANG_WARN_INT_CONVERSION = YES;
				CLANG_WARN_NON_LITERAL_NULL_CONVERSION = YES;
				CLANG_WARN_OBJC_LITERAL_CONVERSION = YES;
				CLANG_WARN_OBJC_ROOT_CLASS = YES_ERROR;
				CLANG_WARN_RANGE_LOOP_ANALYSIS = YES;
				CLANG_WARN_STRICT_PROTOTYPES = YES;
				CLANG_WARN_SUSPICIOUS_MOVE = YES;
				CLANG_WARN_UNREACHABLE_CODE = YES;
				CLANG_WARN__DUPLICATE_METHOD_MATCH = YES;
				"CODE_SIGN_IDENTITY[sdk=iphoneos*]" = "iPhone Developer";
				COPY_PHASE_STRIP = NO;
				DEBUG_INFORMATION_FORMAT = dwarf;
				ENABLE_STRICT_OBJC_MSGSEND = YES;
				ENABLE_TESTABILITY = YES;
				GCC_C_LANGUAGE_STANDARD = gnu99;
				GCC_DYNAMIC_NO_PIC = NO;
				GCC_NO_COMMON_BLOCKS = YES;
				GCC_OPTIMIZATION_LEVEL = 0;
				GCC_PREPROCESSOR_DEFINITIONS = (
					"DEBUG=1",
					"$(inherited)",
				);
				GCC_WARN_64_TO_32_BIT_CONVERSION = YES;
				GCC_WARN_ABOUT_RETURN_TYPE = YES_ERROR;
				GCC_WARN_UNDECLARED_SELECTOR = YES;
				GCC_WARN_UNINITIALIZED_AUTOS = YES_AGGRESSIVE;
				GCC_WARN_UNUSED_FUNCTION = YES;
				GCC_WARN_UNUSED_VARIABLE = YES;
				IPHONEOS_DEPLOYMENT_TARGET = 10.3;
				MTL_ENABLE_DEBUG_INFO = YES;
				ONLY_ACTIVE_ARCH = YES;
				SDKROOT = iphoneos;
				SWIFT_ACTIVE_COMPILATION_CONDITIONS = DEBUG;
				SWIFT_OPTIMIZATION_LEVEL = "-Onone";
				TARGETED_DEVICE_FAMILY = "1,2";
			};
			name = Debug;
		};
		CEF3103C1F6646A000C1C186 /* Release */ = {
			isa = XCBuildConfiguration;
			buildSettings = {
				ALWAYS_SEARCH_USER_PATHS = NO;
				CLANG_ANALYZER_NONNULL = YES;
				CLANG_ANALYZER_NUMBER_OBJECT_CONVERSION = YES_AGGRESSIVE;
				CLANG_CXX_LANGUAGE_STANDARD = "gnu++0x";
				CLANG_CXX_LIBRARY = "libc++";
				CLANG_ENABLE_MODULES = YES;
				CLANG_ENABLE_OBJC_ARC = YES;
				CLANG_WARN_BLOCK_CAPTURE_AUTORELEASING = YES;
				CLANG_WARN_BOOL_CONVERSION = YES;
				CLANG_WARN_COMMA = YES;
				CLANG_WARN_CONSTANT_CONVERSION = YES;
				CLANG_WARN_DIRECT_OBJC_ISA_USAGE = YES_ERROR;
				CLANG_WARN_DOCUMENTATION_COMMENTS = YES;
				CLANG_WARN_EMPTY_BODY = YES;
				CLANG_WARN_ENUM_CONVERSION = YES;
				CLANG_WARN_INFINITE_RECURSION = YES;
				CLANG_WARN_INT_CONVERSION = YES;
				CLANG_WARN_NON_LITERAL_NULL_CONVERSION = YES;
				CLANG_WARN_OBJC_LITERAL_CONVERSION = YES;
				CLANG_WARN_OBJC_ROOT_CLASS = YES_ERROR;
				CLANG_WARN_RANGE_LOOP_ANALYSIS = YES;
				CLANG_WARN_STRICT_PROTOTYPES = YES;
				CLANG_WARN_SUSPICIOUS_MOVE = YES;
				CLANG_WARN_UNREACHABLE_CODE = YES;
				CLANG_WARN__DUPLICATE_METHOD_MATCH = YES;
				"CODE_SIGN_IDENTITY[sdk=iphoneos*]" = "iPhone Developer";
				COPY_PHASE_STRIP = NO;
				DEBUG_INFORMATION_FORMAT = "dwarf-with-dsym";
				ENABLE_NS_ASSERTIONS = NO;
				ENABLE_STRICT_OBJC_MSGSEND = YES;
				GCC_C_LANGUAGE_STANDARD = gnu99;
				GCC_NO_COMMON_BLOCKS = YES;
				GCC_WARN_64_TO_32_BIT_CONVERSION = YES;
				GCC_WARN_ABOUT_RETURN_TYPE = YES_ERROR;
				GCC_WARN_UNDECLARED_SELECTOR = YES;
				GCC_WARN_UNINITIALIZED_AUTOS = YES_AGGRESSIVE;
				GCC_WARN_UNUSED_FUNCTION = YES;
				GCC_WARN_UNUSED_VARIABLE = YES;
				IPHONEOS_DEPLOYMENT_TARGET = 10.3;
				MTL_ENABLE_DEBUG_INFO = NO;
				SDKROOT = iphoneos;
				SWIFT_OPTIMIZATION_LEVEL = "-Owholemodule";
				TARGETED_DEVICE_FAMILY = "1,2";
				VALIDATE_PRODUCT = YES;
			};
			name = Release;
		};
		CEF3103E1F6646A000C1C186 /* Debug */ = {
			isa = XCBuildConfiguration;
			baseConfigurationReference = 1AEE08E326D47D7631DDF095 /* Pods-MueveSF.debug.xcconfig */;
			buildSettings = {
				ASSETCATALOG_COMPILER_APPICON_NAME = AppIcon;
				"CODE_SIGN_IDENTITY[sdk=iphoneos*]" = "iPhone Developer";
				DEVELOPMENT_TEAM = ESFT8Q5LR7;
				INFOPLIST_FILE = MueveSF/Info.plist;
				IPHONEOS_DEPLOYMENT_TARGET = 10.0;
				LD_RUNPATH_SEARCH_PATHS = "$(inherited) @executable_path/Frameworks";
				PRODUCT_BUNDLE_IDENTIFIER = com.SwitchSoft;
				PRODUCT_NAME = "$(TARGET_NAME)";
				PROVISIONING_PROFILE_SPECIFIER = "";
				SWIFT_SWIFT3_OBJC_INFERENCE = On;
				SWIFT_VERSION = 4.0;
			};
			name = Debug;
		};
		CEF3103F1F6646A000C1C186 /* Release */ = {
			isa = XCBuildConfiguration;
			baseConfigurationReference = 01E9B2DB1E0329BB17AC210A /* Pods-MueveSF.release.xcconfig */;
			buildSettings = {
				ASSETCATALOG_COMPILER_APPICON_NAME = AppIcon;
				"CODE_SIGN_IDENTITY[sdk=iphoneos*]" = "iPhone Developer";
				DEVELOPMENT_TEAM = ESFT8Q5LR7;
				INFOPLIST_FILE = MueveSF/Info.plist;
				IPHONEOS_DEPLOYMENT_TARGET = 10.0;
				LD_RUNPATH_SEARCH_PATHS = "$(inherited) @executable_path/Frameworks";
				PRODUCT_BUNDLE_IDENTIFIER = com.SwitchSoft;
				PRODUCT_NAME = "$(TARGET_NAME)";
				PROVISIONING_PROFILE_SPECIFIER = "";
				SWIFT_SWIFT3_OBJC_INFERENCE = On;
				SWIFT_VERSION = 4.0;
			};
			name = Release;
		};
		CEF310411F6646A000C1C186 /* Debug */ = {
			isa = XCBuildConfiguration;
			buildSettings = {
				ALWAYS_EMBED_SWIFT_STANDARD_LIBRARIES = YES;
				BUNDLE_LOADER = "$(TEST_HOST)";
				DEVELOPMENT_TEAM = 6KMD9FUGRA;
				INFOPLIST_FILE = MueveSFTests/Info.plist;
				LD_RUNPATH_SEARCH_PATHS = "$(inherited) @executable_path/Frameworks @loader_path/Frameworks";
				PRODUCT_BUNDLE_IDENTIFIER = com.marvi.MueveSFTests;
				PRODUCT_NAME = "$(TARGET_NAME)";
				SWIFT_SWIFT3_OBJC_INFERENCE = On;
				SWIFT_VERSION = 4.0;
				TEST_HOST = "$(BUILT_PRODUCTS_DIR)/MueveSF.app/MueveSF";
			};
			name = Debug;
		};
		CEF310421F6646A000C1C186 /* Release */ = {
			isa = XCBuildConfiguration;
			buildSettings = {
				ALWAYS_EMBED_SWIFT_STANDARD_LIBRARIES = YES;
				BUNDLE_LOADER = "$(TEST_HOST)";
				DEVELOPMENT_TEAM = 6KMD9FUGRA;
				INFOPLIST_FILE = MueveSFTests/Info.plist;
				LD_RUNPATH_SEARCH_PATHS = "$(inherited) @executable_path/Frameworks @loader_path/Frameworks";
				PRODUCT_BUNDLE_IDENTIFIER = com.marvi.MueveSFTests;
				PRODUCT_NAME = "$(TARGET_NAME)";
				SWIFT_SWIFT3_OBJC_INFERENCE = On;
				SWIFT_VERSION = 4.0;
				TEST_HOST = "$(BUILT_PRODUCTS_DIR)/MueveSF.app/MueveSF";
			};
			name = Release;
		};
		CEF310441F6646A000C1C186 /* Debug */ = {
			isa = XCBuildConfiguration;
			buildSettings = {
				ALWAYS_EMBED_SWIFT_STANDARD_LIBRARIES = YES;
				DEVELOPMENT_TEAM = 6KMD9FUGRA;
				INFOPLIST_FILE = MueveSFUITests/Info.plist;
				LD_RUNPATH_SEARCH_PATHS = "$(inherited) @executable_path/Frameworks @loader_path/Frameworks";
				PRODUCT_BUNDLE_IDENTIFIER = com.marvi.MueveSFUITests;
				PRODUCT_NAME = "$(TARGET_NAME)";
				SWIFT_SWIFT3_OBJC_INFERENCE = On;
				SWIFT_VERSION = 4.0;
				TEST_TARGET_NAME = MueveSF;
			};
			name = Debug;
		};
		CEF310451F6646A000C1C186 /* Release */ = {
			isa = XCBuildConfiguration;
			buildSettings = {
				ALWAYS_EMBED_SWIFT_STANDARD_LIBRARIES = YES;
				DEVELOPMENT_TEAM = 6KMD9FUGRA;
				INFOPLIST_FILE = MueveSFUITests/Info.plist;
				LD_RUNPATH_SEARCH_PATHS = "$(inherited) @executable_path/Frameworks @loader_path/Frameworks";
				PRODUCT_BUNDLE_IDENTIFIER = com.marvi.MueveSFUITests;
				PRODUCT_NAME = "$(TARGET_NAME)";
				SWIFT_SWIFT3_OBJC_INFERENCE = On;
				SWIFT_VERSION = 4.0;
				TEST_TARGET_NAME = MueveSF;
			};
			name = Release;
		};
/* End XCBuildConfiguration section */

/* Begin XCConfigurationList section */
		CEF310101F6646A000C1C186 /* Build configuration list for PBXProject "MueveSF" */ = {
			isa = XCConfigurationList;
			buildConfigurations = (
				CEF3103B1F6646A000C1C186 /* Debug */,
				CEF3103C1F6646A000C1C186 /* Release */,
			);
			defaultConfigurationIsVisible = 0;
			defaultConfigurationName = Release;
		};
		CEF3103D1F6646A000C1C186 /* Build configuration list for PBXNativeTarget "MueveSF" */ = {
			isa = XCConfigurationList;
			buildConfigurations = (
				CEF3103E1F6646A000C1C186 /* Debug */,
				CEF3103F1F6646A000C1C186 /* Release */,
			);
			defaultConfigurationIsVisible = 0;
			defaultConfigurationName = Release;
		};
		CEF310401F6646A000C1C186 /* Build configuration list for PBXNativeTarget "MueveSFTests" */ = {
			isa = XCConfigurationList;
			buildConfigurations = (
				CEF310411F6646A000C1C186 /* Debug */,
				CEF310421F6646A000C1C186 /* Release */,
			);
			defaultConfigurationIsVisible = 0;
			defaultConfigurationName = Release;
		};
		CEF310431F6646A000C1C186 /* Build configuration list for PBXNativeTarget "MueveSFUITests" */ = {
			isa = XCConfigurationList;
			buildConfigurations = (
				CEF310441F6646A000C1C186 /* Debug */,
				CEF310451F6646A000C1C186 /* Release */,
			);
			defaultConfigurationIsVisible = 0;
			defaultConfigurationName = Release;
		};
/* End XCConfigurationList section */
	};
	rootObject = CEF3100D1F6646A000C1C186 /* Project object */;
}
